{
  "version": 4,
  "terraform_version": "1.13.4",
  "serial": 7,
  "lineage": "0a70bb23-f5f8-07ee-09b3-686771f707aa",
  "outputs": {},
  "resources": [
    {
      "mode": "data",
      "type": "azurerm_resource_group",
      "name": "existing",
      "provider": "provider[\"registry.terraform.io/hashicorp/azurerm\"]",
      "instances": [
        {
          "schema_version": 0,
          "attributes": {
            "id": "/subscriptions/18a54fef-d36d-4d1c-b7b4-c468a773149b/resourceGroups/rg-group1-sch",
            "location": "swedencentral",
            "managed_by": "",
            "name": "rg-group1-sch",
            "tags": {
              "CreatedAt": "2025-10-29T11:14:48Z",
              "Environment": "sch",
              "GroupNumber": "1",
              "ManagedBy": "Terraform"
            },
            "timeouts": null
          },
          "sensitive_attributes": [],
          "identity_schema_version": 0
        }
      ]
    },
    {
      "mode": "managed",
      "type": "azurerm_app_service",
      "name": "app",
      "provider": "provider[\"registry.terraform.io/hashicorp/azurerm\"]",
      "instances": [
        {
          "schema_version": 0,
          "attributes": {
            "app_service_plan_id": "/subscriptions/18a54fef-d36d-4d1c-b7b4-c468a773149b/resourceGroups/rg-group1-sch/providers/Microsoft.Web/serverFarms/photoapi-plan",
            "app_settings": {
              "WEBSITE_RUN_FROM_PACKAGE": "1"
            },
            "auth_settings": [
              {
                "active_directory": [],
                "additional_login_params": {},
                "allowed_external_redirect_urls": [],
                "default_provider": "",
                "enabled": false,
                "facebook": [],
                "google": [],
                "issuer": "",
                "microsoft": [],
                "runtime_version": "",
                "token_refresh_extension_hours": 0,
                "token_store_enabled": false,
                "twitter": [],
                "unauthenticated_client_action": ""
              }
            ],
            "backup": [],
            "client_affinity_enabled": false,
            "client_cert_enabled": false,
            "client_cert_mode": "Required",
            "connection_string": [],
            "custom_domain_verification_id": "9227C381BF3A1A7E7B1FB65EE5F64FDBC6702414CA4A8E5D2662A9EDEE8368AB",
            "default_site_hostname": "photoapi-app.azurewebsites.net",
            "enabled": true,
            "https_only": false,
            "id": "/subscriptions/18a54fef-d36d-4d1c-b7b4-c468a773149b/resourceGroups/rg-group1-sch/providers/Microsoft.Web/sites/photoapi-app",
            "identity": [],
            "key_vault_reference_identity_id": "SystemAssigned",
            "location": "swedencentral",
            "logs": [
              {
                "application_logs": [
                  {
                    "azure_blob_storage": [],
                    "file_system_level": "Off"
                  }
                ],
                "detailed_error_messages_enabled": false,
                "failed_request_tracing_enabled": false,
                "http_logs": [
                  {
                    "azure_blob_storage": [],
                    "file_system": []
                  }
                ]
              }
            ],
            "name": "photoapi-app",
            "outbound_ip_address_list": [
              "74.241.193.143",
              "74.241.194.235",
              "74.241.194.254",
              "74.241.195.13",
              "135.225.230.106",
              "135.225.231.48",
              "135.116.49.4",
              "9.223.76.4",
              "9.223.0.223",
              "9.223.170.172",
              "135.116.32.31",
              "9.223.5.185",
              "135.225.231.181",
              "135.225.231.185",
              "135.225.227.17",
              "135.225.228.9",
              "135.225.231.44",
              "135.225.231.138",
              "51.12.31.11"
            ],
            "outbound_ip_addresses": "74.241.193.143,74.241.194.235,74.241.194.254,74.241.195.13,135.225.230.106,135.225.231.48,135.116.49.4,9.223.76.4,9.223.0.223,9.223.170.172,135.116.32.31,9.223.5.185,135.225.231.181,135.225.231.185,135.225.227.17,135.225.228.9,135.225.231.44,135.225.231.138,51.12.31.11",
            "possible_outbound_ip_address_list": [
              "74.241.193.143",
              "74.241.194.235",
              "74.241.194.254",
              "74.241.195.13",
              "135.225.230.106",
              "135.225.231.48",
              "135.116.49.4",
              "9.223.76.4",
              "9.223.0.223",
              "9.223.170.172",
              "135.116.32.31",
              "9.223.5.185",
              "135.225.231.181",
              "135.225.231.185",
              "135.225.227.17",
              "135.225.228.9",
              "135.225.231.44",
              "135.225.231.138",
              "135.225.231.192",
              "135.225.231.196",
              "135.225.231.202",
              "135.225.231.227",
              "135.225.231.19",
              "74.241.192.27",
              "74.241.192.150",
              "74.241.192.222",
              "74.241.192.252",
              "74.241.193.38",
              "74.241.193.93",
              "74.241.193.102",
              "135.225.231.157",
              "74.241.195.66",
              "74.241.195.162",
              "74.241.195.229",
              "74.241.196.190",
              "74.241.196.204",
              "51.12.31.11"
            ],
            "possible_outbound_ip_addresses": "74.241.193.143,74.241.194.235,74.241.194.254,74.241.195.13,135.225.230.106,135.225.231.48,135.116.49.4,9.223.76.4,9.223.0.223,9.223.170.172,135.116.32.31,9.223.5.185,135.225.231.181,135.225.231.185,135.225.227.17,135.225.228.9,135.225.231.44,135.225.231.138,135.225.231.192,135.225.231.196,135.225.231.202,135.225.231.227,135.225.231.19,74.241.192.27,74.241.192.150,74.241.192.222,74.241.192.252,74.241.193.38,74.241.193.93,74.241.193.102,135.225.231.157,74.241.195.66,74.241.195.162,74.241.195.229,74.241.196.190,74.241.196.204,51.12.31.11",
            "resource_group_name": "rg-group1-sch",
            "site_config": [
              {
                "acr_use_managed_identity_credentials": false,
                "acr_user_managed_identity_client_id": "",
                "always_on": false,
                "app_command_line": "",
                "auto_swap_slot_name": "",
                "cors": [
                  {
                    "allowed_origins": [],
                    "support_credentials": false
                  }
                ],
                "default_documents": null,
                "dotnet_framework_version": "v4.0",
                "ftps_state": "FtpsOnly",
                "health_check_path": "",
                "http2_enabled": false,
                "ip_restriction": [],
                "java_container": "",
                "java_container_version": "",
                "java_version": "",
                "linux_fx_version": "DOTNET|9.0",
                "local_mysql_enabled": false,
                "managed_pipeline_mode": "Integrated",
                "min_tls_version": "1.2",
                "number_of_workers": 1,
                "php_version": "",
                "python_version": "",
                "remote_debugging_enabled": false,
                "remote_debugging_version": "VS2022",
                "scm_ip_restriction": [],
                "scm_type": "None",
                "scm_use_main_ip_restriction": false,
                "use_32_bit_worker_process": false,
                "vnet_route_all_enabled": false,
                "websockets_enabled": false,
                "windows_fx_version": ""
              }
            ],
            "site_credential": [
              {
                "password": "Q0fZYr16ZhihKuJApBddRsLbEh4Qj1A68goxakacCwp92rt1v2gSg4yw0Nqy",
                "username": "$photoapi-app"
              }
            ],
            "source_control": [
              {
                "branch": "main",
                "manual_integration": false,
                "repo_url": "",
                "rollback_enabled": false,
                "use_mercurial": false
              }
            ],
            "storage_account": [],
            "tags": null,
            "timeouts": null
          },
          "sensitive_attributes": [],
          "identity_schema_version": 0,
          "private": "eyJlMmJmYjczMC1lY2FhLTExZTYtOGY4OC0zNDM2M2JjN2M0YzAiOnsiY3JlYXRlIjoxODAwMDAwMDAwMDAwLCJkZWxldGUiOjE4MDAwMDAwMDAwMDAsInJlYWQiOjMwMDAwMDAwMDAwMCwidXBkYXRlIjoxODAwMDAwMDAwMDAwfX0=",
          "dependencies": [
            "azurerm_app_service_plan.plan",
            "data.azurerm_resource_group.existing"
          ]
        }
      ]
    },
    {
      "mode": "managed",
      "type": "azurerm_app_service_plan",
      "name": "plan",
      "provider": "provider[\"registry.terraform.io/hashicorp/azurerm\"]",
      "instances": [
        {
          "schema_version": 1,
          "attributes": {
            "app_service_environment_id": "",
            "id": "/subscriptions/18a54fef-d36d-4d1c-b7b4-c468a773149b/resourceGroups/rg-group1-sch/providers/Microsoft.Web/serverFarms/photoapi-plan",
            "is_xenon": false,
            "kind": "linux",
            "location": "swedencentral",
            "maximum_elastic_worker_count": 1,
            "maximum_number_of_workers": 3,
            "name": "photoapi-plan",
            "per_site_scaling": false,
            "reserved": true,
            "resource_group_name": "rg-group1-sch",
            "sku": [
              {
                "capacity": 1,
                "size": "B1",
                "tier": "Basic"
              }
            ],
            "tags": null,
            "timeouts": null,
            "zone_redundant": false
          },
          "sensitive_attributes": [],
          "identity_schema_version": 0,
          "private": "eyJlMmJmYjczMC1lY2FhLTExZTYtOGY4OC0zNDM2M2JjN2M0YzAiOnsiY3JlYXRlIjozNjAwMDAwMDAwMDAwLCJkZWxldGUiOjM2MDAwMDAwMDAwMDAsInJlYWQiOjMwMDAwMDAwMDAwMCwidXBkYXRlIjozNjAwMDAwMDAwMDAwfSwic2NoZW1hX3ZlcnNpb24iOiIxIn0=",
          "dependencies": [
            "data.azurerm_resource_group.existing"
          ]
        }
      ]
    }
  ],
  "check_results": null
}
